
Microsoft Visual Studio Solution File, Format Version 12.00
# Visual Studio Version 16
VisualStudioVersion = 16.0.29519.87
MinimumVisualStudioVersion = 10.0.40219.1
Project("{9A19103F-16F7-4668-BE54-9A1E7A4F7556}") = "PrivateOfficeAPI", "PrivateOfficeAPI\PrivateOfficeAPI.csproj", "{93F017D0-0157-4B75-997F-ABEED6245632}"
EndProject
Project("{9A19103F-16F7-4668-BE54-9A1E7A4F7556}") = "PrivateOfficeWebApp", "PrivateOfficeWebApp\PrivateOfficeWebApp.csproj", "{C5906D4F-684E-4855-8538-962D3209B92D}"
EndProject
Global
	GlobalSection(SolutionConfigurationPlatforms) = preSolution
		Debug|Any CPU = Debug|Any CPU
		Release|Any CPU = Release|Any CPU
	EndGlobalSection
	GlobalSection(ProjectConfigurationPlatforms) = postSolution
		{93F017D0-0157-4B75-997F-ABEED6245632}.Debug|Any CPU.ActiveCfg = Debug|Any CPU
		{93F017D0-0157-4B75-997F-ABEED6245632}.Debug|Any CPU.Build.0 = Debug|Any CPU
		{93F017D0-0157-4B75-997F-ABEED6245632}.Release|Any CPU.ActiveCfg = Release|Any CPU
		{93F017D0-0157-4B75-997F-ABEED6245632}.Release|Any CPU.Build.0 = Release|Any CPU
		{C5906D4F-684E-4855-8538-962D3209B92D}.Debug|Any CPU.ActiveCfg = Debug|Any CPU
		{C5906D4F-684E-4855-8538-962D3209B92D}.Debug|Any CPU.Build.0 = Debug|Any CPU
		{C5906D4F-684E-4855-8538-962D3209B92D}.Release|Any CPU.ActiveCfg = Release|Any CPU
		{C5906D4F-684E-4855-8538-962D3209B92D}.Release|Any CPU.Build.0 = Release|Any CPU
	EndGlobalSection
	GlobalSection(SolutionProperties) = preSolution
		HideSolutionNode = FALSE
	EndGlobalSection
	GlobalSection(ExtensibilityGlobals) = postSolution
		SolutionGuid = {C5DD152D-77ED-4B17-8F0B-94B1846485D1}
	EndGlobalSection
EndGlobal
